// !$*UTF8*$!
{
	archiveVersion = 1;
	classes = {
	};
	objectVersion = 54;
	objects = {

/* Begin PBXBuildFile section */
		CE03A5262B25D59500ACFC01 /* CatrgoriesViewController.swift in Sources */ = {isa = PBXBuildFile; fileRef = CE03A5252B25D59500ACFC01 /* CatrgoriesViewController.swift */; };
		CE0E98E22B13EB7500626326 /* ProductViewContoller.swift in Sources */ = {isa = PBXBuildFile; fileRef = CE0E98E12B13EB7500626326 /* ProductViewContoller.swift */; };
		CEC780132B13D7700032ABF9 /* FridgeViewController.swift in Sources */ = {isa = PBXBuildFile; fileRef = CEC780122B13D7700032ABF9 /* FridgeViewController.swift */; };
		CEDE12692B3A52D900669122 /* LoginViewController.swift in Sources */ = {isa = PBXBuildFile; fileRef = CEDE12682B3A52D900669122 /* LoginViewController.swift */; };
		CEDE126B2B3A644300669122 /* RegistrationViewController.swift in Sources */ = {isa = PBXBuildFile; fileRef = CEDE126A2B3A644300669122 /* RegistrationViewController.swift */; };
		CEDE126D2B3A72AE00669122 /* NameSurnameViewController.swift in Sources */ = {isa = PBXBuildFile; fileRef = CEDE126C2B3A72AE00669122 /* NameSurnameViewController.swift */; };
		CEDE126F2B3A777100669122 /* RegistrationDormitory.swift in Sources */ = {isa = PBXBuildFile; fileRef = CEDE126E2B3A777100669122 /* RegistrationDormitory.swift */; };
		CEDE12712B3A7D9C00669122 /* NewDormitory.swift in Sources */ = {isa = PBXBuildFile; fileRef = CEDE12702B3A7D9C00669122 /* NewDormitory.swift */; };
		CEDE12732B3A83C400669122 /* YourDormViewController.swift in Sources */ = {isa = PBXBuildFile; fileRef = CEDE12722B3A83C400669122 /* YourDormViewController.swift */; };
		CEE6F6712B152BBA0005FF39 /* ProductCellViewController.swift in Sources */ = {isa = PBXBuildFile; fileRef = CEE6F6702B152BBA0005FF39 /* ProductCellViewController.swift */; };
		CEFAE49B2B2DE04E0007DF17 /* Assets.xcassets in Resources */ = {isa = PBXBuildFile; fileRef = CEFAE49A2B2DE04E0007DF17 /* Assets.xcassets */; };
		DF4A33752B3CE4DD00A3EC3B /* ResultSearchViewController.swift in Sources */ = {isa = PBXBuildFile; fileRef = DF4A33742B3CE4DD00A3EC3B /* ResultSearchViewController.swift */; };
		DF4A33772B3CEC3F00A3EC3B /* ResultTableCell.swift in Sources */ = {isa = PBXBuildFile; fileRef = DF4A33762B3CEC3F00A3EC3B /* ResultTableCell.swift */; };
		DF4A337C2B3D933600A3EC3B /* GoogleService-Info.plist in Resources */ = {isa = PBXBuildFile; fileRef = DF4A337B2B3D933600A3EC3B /* GoogleService-Info.plist */; };
		DF4A337E2B3D958900A3EC3B /* OneCategoryViewController.swift in Sources */ = {isa = PBXBuildFile; fileRef = DF4A337D2B3D958900A3EC3B /* OneCategoryViewController.swift */; };
		DF58E6482AE7E55000FE5ED8 /* AppDelegate.swift in Sources */ = {isa = PBXBuildFile; fileRef = DF58E6472AE7E55000FE5ED8 /* AppDelegate.swift */; };
		DF58E64A2AE7E55000FE5ED8 /* SceneDelegate.swift in Sources */ = {isa = PBXBuildFile; fileRef = DF58E6492AE7E55000FE5ED8 /* SceneDelegate.swift */; };
		DF58E64C2AE7E55000FE5ED8 /* ViewController.swift in Sources */ = {isa = PBXBuildFile; fileRef = DF58E64B2AE7E55000FE5ED8 /* ViewController.swift */; };
		DF58E64F2AE7E55000FE5ED8 /* Main.storyboard in Resources */ = {isa = PBXBuildFile; fileRef = DF58E64D2AE7E55000FE5ED8 /* Main.storyboard */; };
		DF58E6542AE7E55300FE5ED8 /* LaunchScreen.storyboard in Resources */ = {isa = PBXBuildFile; fileRef = DF58E6522AE7E55300FE5ED8 /* LaunchScreen.storyboard */; };
		DF58E65F2AE7E55300FE5ED8 /* Fridge_ShareTests.swift in Sources */ = {isa = PBXBuildFile; fileRef = DF58E65E2AE7E55300FE5ED8 /* Fridge_ShareTests.swift */; };
		DF58E6692AE7E55300FE5ED8 /* Fridge_ShareUITests.swift in Sources */ = {isa = PBXBuildFile; fileRef = DF58E6682AE7E55300FE5ED8 /* Fridge_ShareUITests.swift */; };
		DF58E66B2AE7E55300FE5ED8 /* Fridge_ShareUITestsLaunchTests.swift in Sources */ = {isa = PBXBuildFile; fileRef = DF58E66A2AE7E55300FE5ED8 /* Fridge_ShareUITestsLaunchTests.swift */; };
		DFD714602B00F59A00B55550 /* DormitoryViewController.swift in Sources */ = {isa = PBXBuildFile; fileRef = DFD7145F2B00F59A00B55550 /* DormitoryViewController.swift */; };
		DFD714622B01585400B55550 /* TabBarController.swift in Sources */ = {isa = PBXBuildFile; fileRef = DFD714612B01585400B55550 /* TabBarController.swift */; };
		DFD714662B01612400B55550 /* OneFloorController.swift in Sources */ = {isa = PBXBuildFile; fileRef = DFD714652B01612400B55550 /* OneFloorController.swift */; };
		DFD714682B01773900B55550 /* ItemCell.swift in Sources */ = {isa = PBXBuildFile; fileRef = DFD714672B01773900B55550 /* ItemCell.swift */; };
		DFD7146F2B0EA02600B55550 /* Colors.swift in Sources */ = {isa = PBXBuildFile; fileRef = DFD7146E2B0EA02600B55550 /* Colors.swift */; };
		DFD714712B14BC2B00B55550 /* ReusableIdentifier.swift in Sources */ = {isa = PBXBuildFile; fileRef = DFD714702B14BC2B00B55550 /* ReusableIdentifier.swift */; };
		DFD714732B14BE2E00B55550 /* OneFloorC+Extensions.swift in Sources */ = {isa = PBXBuildFile; fileRef = DFD714722B14BE2E00B55550 /* OneFloorC+Extensions.swift */; };
		DFD714762B15173C00B55550 /* ProductItem.swift in Sources */ = {isa = PBXBuildFile; fileRef = DFD714752B15173C00B55550 /* ProductItem.swift */; };
		DFD714782B15186200B55550 /* FrigeItem.swift in Sources */ = {isa = PBXBuildFile; fileRef = DFD714772B15186200B55550 /* FrigeItem.swift */; };
		DFD7147B2B151AC700B55550 /* ProfileViewController.swift in Sources */ = {isa = PBXBuildFile; fileRef = DFD7147A2B151AC700B55550 /* ProfileViewController.swift */; };
		DFD714912B3753A300B55550 /* MyProductsController.swift in Sources */ = {isa = PBXBuildFile; fileRef = DFD714902B3753A300B55550 /* MyProductsController.swift */; };
		DFD714942B37584200B55550 /* RequestsViewController.swift in Sources */ = {isa = PBXBuildFile; fileRef = DFD714932B37584200B55550 /* RequestsViewController.swift */; };
		DFD714962B375B8200B55550 /* OneProductCell.swift in Sources */ = {isa = PBXBuildFile; fileRef = DFD714952B375B8200B55550 /* OneProductCell.swift */; };
		DFD714982B37846300B55550 /* RequestCell.swift in Sources */ = {isa = PBXBuildFile; fileRef = DFD714972B37846300B55550 /* RequestCell.swift */; };
		DFD7149A2B37847200B55550 /* AnswerCell.swift in Sources */ = {isa = PBXBuildFile; fileRef = DFD714992B37847200B55550 /* AnswerCell.swift */; };
		DFD7149D2B3B858800B55550 /* FirebaseAnalytics in Frameworks */ = {isa = PBXBuildFile; productRef = DFD7149C2B3B858800B55550 /* FirebaseAnalytics */; };
		DFD7149F2B3B858800B55550 /* FirebaseAnalyticsSwift in Frameworks */ = {isa = PBXBuildFile; productRef = DFD7149E2B3B858800B55550 /* FirebaseAnalyticsSwift */; };
		DFD714A12B3B858800B55550 /* FirebaseAnalyticsWithoutAdIdSupport in Frameworks */ = {isa = PBXBuildFile; productRef = DFD714A02B3B858800B55550 /* FirebaseAnalyticsWithoutAdIdSupport */; };
		DFD714A32B3B858800B55550 /* FirebaseAuth in Frameworks */ = {isa = PBXBuildFile; productRef = DFD714A22B3B858800B55550 /* FirebaseAuth */; };
		DFD714A52B3B858800B55550 /* FirebaseDatabase in Frameworks */ = {isa = PBXBuildFile; productRef = DFD714A42B3B858800B55550 /* FirebaseDatabase */; };
		DFD714A72B3B858800B55550 /* FirebaseDatabaseSwift in Frameworks */ = {isa = PBXBuildFile; productRef = DFD714A62B3B858800B55550 /* FirebaseDatabaseSwift */; };
		DFD714A92B3B858800B55550 /* FirebaseFirestore in Frameworks */ = {isa = PBXBuildFile; productRef = DFD714A82B3B858800B55550 /* FirebaseFirestore */; };
		DFD714AB2B3B858800B55550 /* FirebaseFirestoreSwift in Frameworks */ = {isa = PBXBuildFile; productRef = DFD714AA2B3B858800B55550 /* FirebaseFirestoreSwift */; };
		DFD714AD2B3B858800B55550 /* FirebaseStorage in Frameworks */ = {isa = PBXBuildFile; productRef = DFD714AC2B3B858800B55550 /* FirebaseStorage */; };
		DFD714B12B3B8B2A00B55550 /* DataBase.swift in Sources */ = {isa = PBXBuildFile; fileRef = DFD714B02B3B8B2A00B55550 /* DataBase.swift */; };
		DFD714B32B3B989300B55550 /* AddProductViewController.swift in Sources */ = {isa = PBXBuildFile; fileRef = DFD714B22B3B989300B55550 /* AddProductViewController.swift */; };
		DFD714B52B3BABBE00B55550 /* RequestItem.swift in Sources */ = {isa = PBXBuildFile; fileRef = DFD714B42B3BABBE00B55550 /* RequestItem.swift */; };
		DFD714B72B3BD7D700B55550 /* AnswerItem.swift in Sources */ = {isa = PBXBuildFile; fileRef = DFD714B62B3BD7D700B55550 /* AnswerItem.swift */; };
		DFD714BB2B3C70FA00B55550 /* DatabaseAuthManager.swift in Sources */ = {isa = PBXBuildFile; fileRef = DFD714BA2B3C70FA00B55550 /* DatabaseAuthManager.swift */; };
		DFD714BE2B3C773100B55550 /* UserItem.swift in Sources */ = {isa = PBXBuildFile; fileRef = DFD714BD2B3C773100B55550 /* UserItem.swift */; };
/* End PBXBuildFile section */

/* Begin PBXContainerItemProxy section */
		DF58E65B2AE7E55300FE5ED8 /* PBXContainerItemProxy */ = {
			isa = PBXContainerItemProxy;
			containerPortal = DF58E63C2AE7E55000FE5ED8 /* Project object */;
			proxyType = 1;
			remoteGlobalIDString = DF58E6432AE7E55000FE5ED8;
			remoteInfo = "Fridge&Share";
		};
		DF58E6652AE7E55300FE5ED8 /* PBXContainerItemProxy */ = {
			isa = PBXContainerItemProxy;
			containerPortal = DF58E63C2AE7E55000FE5ED8 /* Project object */;
			proxyType = 1;
			remoteGlobalIDString = DF58E6432AE7E55000FE5ED8;
			remoteInfo = "Fridge&Share";
		};
/* End PBXContainerItemProxy section */

/* Begin PBXFileReference section */
		CE03A5252B25D59500ACFC01 /* CatrgoriesViewController.swift */ = {isa = PBXFileReference; lastKnownFileType = sourcecode.swift; path = CatrgoriesViewController.swift; sourceTree = "<group>"; };
		CE0E98E12B13EB7500626326 /* ProductViewContoller.swift */ = {isa = PBXFileReference; lastKnownFileType = sourcecode.swift; path = ProductViewContoller.swift; sourceTree = "<group>"; };
		CE52B0A32B3BB23B000015D4 /* OneCategoryViewController.swift */ = {isa = PBXFileReference; lastKnownFileType = sourcecode.swift; path = OneCategoryViewController.swift; sourceTree = "<group>"; };
		CEC780122B13D7700032ABF9 /* FridgeViewController.swift */ = {isa = PBXFileReference; fileEncoding = 4; lastKnownFileType = sourcecode.swift; path = FridgeViewController.swift; sourceTree = "<group>"; };
		CEDE12682B3A52D900669122 /* LoginViewController.swift */ = {isa = PBXFileReference; lastKnownFileType = sourcecode.swift; path = LoginViewController.swift; sourceTree = "<group>"; };
		CEDE126A2B3A644300669122 /* RegistrationViewController.swift */ = {isa = PBXFileReference; lastKnownFileType = sourcecode.swift; path = RegistrationViewController.swift; sourceTree = "<group>"; };
		CEDE126C2B3A72AE00669122 /* NameSurnameViewController.swift */ = {isa = PBXFileReference; lastKnownFileType = sourcecode.swift; path = NameSurnameViewController.swift; sourceTree = "<group>"; };
		CEDE126E2B3A777100669122 /* RegistrationDormitory.swift */ = {isa = PBXFileReference; lastKnownFileType = sourcecode.swift; path = RegistrationDormitory.swift; sourceTree = "<group>"; };
		CEDE12702B3A7D9C00669122 /* NewDormitory.swift */ = {isa = PBXFileReference; lastKnownFileType = sourcecode.swift; path = NewDormitory.swift; sourceTree = "<group>"; };
		CEDE12722B3A83C400669122 /* YourDormViewController.swift */ = {isa = PBXFileReference; lastKnownFileType = sourcecode.swift; path = YourDormViewController.swift; sourceTree = "<group>"; };
		CEE6F6702B152BBA0005FF39 /* ProductCellViewController.swift */ = {isa = PBXFileReference; lastKnownFileType = sourcecode.swift; path = ProductCellViewController.swift; sourceTree = "<group>"; };
		CEFAE49A2B2DE04E0007DF17 /* Assets.xcassets */ = {isa = PBXFileReference; lastKnownFileType = folder.assetcatalog; path = Assets.xcassets; sourceTree = "<group>"; };
		DF4A33742B3CE4DD00A3EC3B /* ResultSearchViewController.swift */ = {isa = PBXFileReference; lastKnownFileType = sourcecode.swift; path = ResultSearchViewController.swift; sourceTree = "<group>"; };
		DF4A33762B3CEC3F00A3EC3B /* ResultTableCell.swift */ = {isa = PBXFileReference; lastKnownFileType = sourcecode.swift; path = ResultTableCell.swift; sourceTree = "<group>"; };
		DF4A337B2B3D933600A3EC3B /* GoogleService-Info.plist */ = {isa = PBXFileReference; fileEncoding = 4; lastKnownFileType = text.plist.xml; name = "GoogleService-Info.plist"; path = "../../Downloads/GoogleService-Info.plist"; sourceTree = "<group>"; };
		DF4A337D2B3D958900A3EC3B /* OneCategoryViewController.swift */ = {isa = PBXFileReference; fileEncoding = 4; lastKnownFileType = sourcecode.swift; path = OneCategoryViewController.swift; sourceTree = "<group>"; };
		DF58E6442AE7E55000FE5ED8 /* Fridge&Share.app */ = {isa = PBXFileReference; explicitFileType = wrapper.application; includeInIndex = 0; path = "Fridge&Share.app"; sourceTree = BUILT_PRODUCTS_DIR; };
		DF58E6472AE7E55000FE5ED8 /* AppDelegate.swift */ = {isa = PBXFileReference; lastKnownFileType = sourcecode.swift; path = AppDelegate.swift; sourceTree = "<group>"; };
		DF58E6492AE7E55000FE5ED8 /* SceneDelegate.swift */ = {isa = PBXFileReference; lastKnownFileType = sourcecode.swift; path = SceneDelegate.swift; sourceTree = "<group>"; };
		DF58E64B2AE7E55000FE5ED8 /* ViewController.swift */ = {isa = PBXFileReference; lastKnownFileType = sourcecode.swift; path = ViewController.swift; sourceTree = "<group>"; };
		DF58E64E2AE7E55000FE5ED8 /* Base */ = {isa = PBXFileReference; lastKnownFileType = file.storyboard; name = Base; path = Base.lproj/Main.storyboard; sourceTree = "<group>"; };
		DF58E6532AE7E55300FE5ED8 /* Base */ = {isa = PBXFileReference; lastKnownFileType = file.storyboard; name = Base; path = Base.lproj/LaunchScreen.storyboard; sourceTree = "<group>"; };
		DF58E6552AE7E55300FE5ED8 /* Info.plist */ = {isa = PBXFileReference; lastKnownFileType = text.plist.xml; path = Info.plist; sourceTree = "<group>"; };
		DF58E65A2AE7E55300FE5ED8 /* Fridge&ShareTests.xctest */ = {isa = PBXFileReference; explicitFileType = wrapper.cfbundle; includeInIndex = 0; path = "Fridge&ShareTests.xctest"; sourceTree = BUILT_PRODUCTS_DIR; };
		DF58E65E2AE7E55300FE5ED8 /* Fridge_ShareTests.swift */ = {isa = PBXFileReference; lastKnownFileType = sourcecode.swift; path = Fridge_ShareTests.swift; sourceTree = "<group>"; };
		DF58E6642AE7E55300FE5ED8 /* Fridge&ShareUITests.xctest */ = {isa = PBXFileReference; explicitFileType = wrapper.cfbundle; includeInIndex = 0; path = "Fridge&ShareUITests.xctest"; sourceTree = BUILT_PRODUCTS_DIR; };
		DF58E6682AE7E55300FE5ED8 /* Fridge_ShareUITests.swift */ = {isa = PBXFileReference; lastKnownFileType = sourcecode.swift; path = Fridge_ShareUITests.swift; sourceTree = "<group>"; };
		DF58E66A2AE7E55300FE5ED8 /* Fridge_ShareUITestsLaunchTests.swift */ = {isa = PBXFileReference; lastKnownFileType = sourcecode.swift; path = Fridge_ShareUITestsLaunchTests.swift; sourceTree = "<group>"; };
		DFD7145F2B00F59A00B55550 /* DormitoryViewController.swift */ = {isa = PBXFileReference; lastKnownFileType = sourcecode.swift; path = DormitoryViewController.swift; sourceTree = "<group>"; };
		DFD714612B01585400B55550 /* TabBarController.swift */ = {isa = PBXFileReference; lastKnownFileType = sourcecode.swift; path = TabBarController.swift; sourceTree = "<group>"; };
		DFD714652B01612400B55550 /* OneFloorController.swift */ = {isa = PBXFileReference; lastKnownFileType = sourcecode.swift; path = OneFloorController.swift; sourceTree = "<group>"; };
		DFD714672B01773900B55550 /* ItemCell.swift */ = {isa = PBXFileReference; lastKnownFileType = sourcecode.swift; path = ItemCell.swift; sourceTree = "<group>"; };
		DFD7146E2B0EA02600B55550 /* Colors.swift */ = {isa = PBXFileReference; lastKnownFileType = sourcecode.swift; path = Colors.swift; sourceTree = "<group>"; };
		DFD714702B14BC2B00B55550 /* ReusableIdentifier.swift */ = {isa = PBXFileReference; lastKnownFileType = sourcecode.swift; path = ReusableIdentifier.swift; sourceTree = "<group>"; };
		DFD714722B14BE2E00B55550 /* OneFloorC+Extensions.swift */ = {isa = PBXFileReference; lastKnownFileType = sourcecode.swift; path = "OneFloorC+Extensions.swift"; sourceTree = "<group>"; };
		DFD714752B15173C00B55550 /* ProductItem.swift */ = {isa = PBXFileReference; lastKnownFileType = sourcecode.swift; path = ProductItem.swift; sourceTree = "<group>"; };
		DFD714772B15186200B55550 /* FrigeItem.swift */ = {isa = PBXFileReference; lastKnownFileType = sourcecode.swift; path = FrigeItem.swift; sourceTree = "<group>"; };
		DFD7147A2B151AC700B55550 /* ProfileViewController.swift */ = {isa = PBXFileReference; lastKnownFileType = sourcecode.swift; path = ProfileViewController.swift; sourceTree = "<group>"; };
		DFD714902B3753A300B55550 /* MyProductsController.swift */ = {isa = PBXFileReference; lastKnownFileType = sourcecode.swift; path = MyProductsController.swift; sourceTree = "<group>"; };
		DFD714932B37584200B55550 /* RequestsViewController.swift */ = {isa = PBXFileReference; lastKnownFileType = sourcecode.swift; path = RequestsViewController.swift; sourceTree = "<group>"; };
		DFD714952B375B8200B55550 /* OneProductCell.swift */ = {isa = PBXFileReference; lastKnownFileType = sourcecode.swift; path = OneProductCell.swift; sourceTree = "<group>"; };
		DFD714972B37846300B55550 /* RequestCell.swift */ = {isa = PBXFileReference; lastKnownFileType = sourcecode.swift; path = RequestCell.swift; sourceTree = "<group>"; };
		DFD714992B37847200B55550 /* AnswerCell.swift */ = {isa = PBXFileReference; lastKnownFileType = sourcecode.swift; path = AnswerCell.swift; sourceTree = "<group>"; };
		DFD714B02B3B8B2A00B55550 /* DataBase.swift */ = {isa = PBXFileReference; lastKnownFileType = sourcecode.swift; path = DataBase.swift; sourceTree = "<group>"; };
		DFD714B22B3B989300B55550 /* AddProductViewController.swift */ = {isa = PBXFileReference; lastKnownFileType = sourcecode.swift; path = AddProductViewController.swift; sourceTree = "<group>"; };
		DFD714B42B3BABBE00B55550 /* RequestItem.swift */ = {isa = PBXFileReference; lastKnownFileType = sourcecode.swift; path = RequestItem.swift; sourceTree = "<group>"; };
		DFD714B62B3BD7D700B55550 /* AnswerItem.swift */ = {isa = PBXFileReference; lastKnownFileType = sourcecode.swift; path = AnswerItem.swift; sourceTree = "<group>"; };
		DFD714BA2B3C70FA00B55550 /* DatabaseAuthManager.swift */ = {isa = PBXFileReference; lastKnownFileType = sourcecode.swift; path = DatabaseAuthManager.swift; sourceTree = "<group>"; };
		DFD714BD2B3C773100B55550 /* UserItem.swift */ = {isa = PBXFileReference; lastKnownFileType = sourcecode.swift; path = UserItem.swift; sourceTree = "<group>"; };
/* End PBXFileReference section */

/* Begin PBXFrameworksBuildPhase section */
		DF58E6412AE7E55000FE5ED8 /* Frameworks */ = {
			isa = PBXFrameworksBuildPhase;
			buildActionMask = 2147483647;
			files = (
				DFD714A72B3B858800B55550 /* FirebaseDatabaseSwift in Frameworks */,
				DFD714A52B3B858800B55550 /* FirebaseDatabase in Frameworks */,
				DFD714AD2B3B858800B55550 /* FirebaseStorage in Frameworks */,
				DFD7149F2B3B858800B55550 /* FirebaseAnalyticsSwift in Frameworks */,
				DFD714A12B3B858800B55550 /* FirebaseAnalyticsWithoutAdIdSupport in Frameworks */,
				DFD7149D2B3B858800B55550 /* FirebaseAnalytics in Frameworks */,
				DFD714A32B3B858800B55550 /* FirebaseAuth in Frameworks */,
				DFD714A92B3B858800B55550 /* FirebaseFirestore in Frameworks */,
				DFD714AB2B3B858800B55550 /* FirebaseFirestoreSwift in Frameworks */,
			);
			runOnlyForDeploymentPostprocessing = 0;
		};
		DF58E6572AE7E55300FE5ED8 /* Frameworks */ = {
			isa = PBXFrameworksBuildPhase;
			buildActionMask = 2147483647;
			files = (
			);
			runOnlyForDeploymentPostprocessing = 0;
		};
		DF58E6612AE7E55300FE5ED8 /* Frameworks */ = {
			isa = PBXFrameworksBuildPhase;
			buildActionMask = 2147483647;
			files = (
			);
			runOnlyForDeploymentPostprocessing = 0;
		};
/* End PBXFrameworksBuildPhase section */

/* Begin PBXGroup section */
		CEC780112B13D74A0032ABF9 /* FridgeViewController */ = {
			isa = PBXGroup;
			children = (
				CEC780122B13D7700032ABF9 /* FridgeViewController.swift */,
				CE0E98E12B13EB7500626326 /* ProductViewContoller.swift */,
				CEE6F6702B152BBA0005FF39 /* ProductCellViewController.swift */,
				DFD714B22B3B989300B55550 /* AddProductViewController.swift */,
			);
			path = FridgeViewController;
			sourceTree = "<group>";
		};
		CED58C042B3D56C2000A05BF /* Recovered References */ = {
			isa = PBXGroup;
			children = (
				CE52B0A32B3BB23B000015D4 /* OneCategoryViewController.swift */,
			);
			name = "Recovered References";
			sourceTree = "<group>";
		};
		CEDE12642B3A47C100669122 /* CategoriesViewControllers */ = {
			isa = PBXGroup;
			children = (
				DF4A337D2B3D958900A3EC3B /* OneCategoryViewController.swift */,
				CE03A5252B25D59500ACFC01 /* CatrgoriesViewController.swift */,
				DF4A33742B3CE4DD00A3EC3B /* ResultSearchViewController.swift */,
				DF4A33762B3CEC3F00A3EC3B /* ResultTableCell.swift */,
			);
			path = CategoriesViewControllers;
			sourceTree = "<group>";
		};
		CEDE12672B3A529E00669122 /* AutorisationViewController */ = {
			isa = PBXGroup;
			children = (
				CEDE12682B3A52D900669122 /* LoginViewController.swift */,
				CEDE126A2B3A644300669122 /* RegistrationViewController.swift */,
				CEDE126C2B3A72AE00669122 /* NameSurnameViewController.swift */,
				CEDE126E2B3A777100669122 /* RegistrationDormitory.swift */,
				CEDE12702B3A7D9C00669122 /* NewDormitory.swift */,
				CEDE12722B3A83C400669122 /* YourDormViewController.swift */,
			);
			path = AutorisationViewController;
			sourceTree = "<group>";
		};
		DF4A337A2B3CF7EC00A3EC3B /* Firebase */ = {
			isa = PBXGroup;
			children = (
				DFD714B02B3B8B2A00B55550 /* DataBase.swift */,
				DFD714BA2B3C70FA00B55550 /* DatabaseAuthManager.swift */,
			);
			path = Firebase;
			sourceTree = "<group>";
		};
		DF58E63B2AE7E55000FE5ED8 = {
			isa = PBXGroup;
			children = (
				DF58E6462AE7E55000FE5ED8 /* Fridge&Share */,
				DF58E65D2AE7E55300FE5ED8 /* Fridge&ShareTests */,
				DF58E6672AE7E55300FE5ED8 /* Fridge&ShareUITests */,
				DF58E6452AE7E55000FE5ED8 /* Products */,
				CED58C042B3D56C2000A05BF /* Recovered References */,
			);
			sourceTree = "<group>";
		};
		DF58E6452AE7E55000FE5ED8 /* Products */ = {
			isa = PBXGroup;
			children = (
				DF58E6442AE7E55000FE5ED8 /* Fridge&Share.app */,
				DF58E65A2AE7E55300FE5ED8 /* Fridge&ShareTests.xctest */,
				DF58E6642AE7E55300FE5ED8 /* Fridge&ShareUITests.xctest */,
			);
			name = Products;
			sourceTree = "<group>";
		};
		DF58E6462AE7E55000FE5ED8 /* Fridge&Share */ = {
			isa = PBXGroup;
			children = (
				DF4A337A2B3CF7EC00A3EC3B /* Firebase */,
				CEFAE49A2B2DE04E0007DF17 /* Assets.xcassets */,
				DFD714742B15172000B55550 /* Model */,
				DFD7146D2B0E9FC200B55550 /* Extensions */,
				DFD7145E2B00F56100B55550 /* Controllers */,
				DF58E6472AE7E55000FE5ED8 /* AppDelegate.swift */,
				DF58E6492AE7E55000FE5ED8 /* SceneDelegate.swift */,
				DF58E64B2AE7E55000FE5ED8 /* ViewController.swift */,
				DF58E64D2AE7E55000FE5ED8 /* Main.storyboard */,
				DF58E6522AE7E55300FE5ED8 /* LaunchScreen.storyboard */,
				DF58E6552AE7E55300FE5ED8 /* Info.plist */,
				DF4A337B2B3D933600A3EC3B /* GoogleService-Info.plist */,
			);
			path = "Fridge&Share";
			sourceTree = "<group>";
		};
		DF58E65D2AE7E55300FE5ED8 /* Fridge&ShareTests */ = {
			isa = PBXGroup;
			children = (
				DF58E65E2AE7E55300FE5ED8 /* Fridge_ShareTests.swift */,
			);
			path = "Fridge&ShareTests";
			sourceTree = "<group>";
		};
		DF58E6672AE7E55300FE5ED8 /* Fridge&ShareUITests */ = {
			isa = PBXGroup;
			children = (
				DF58E6682AE7E55300FE5ED8 /* Fridge_ShareUITests.swift */,
				DF58E66A2AE7E55300FE5ED8 /* Fridge_ShareUITestsLaunchTests.swift */,
			);
			path = "Fridge&ShareUITests";
			sourceTree = "<group>";
		};
		DFD7145E2B00F56100B55550 /* Controllers */ = {
			isa = PBXGroup;
			children = (
				CEDE12672B3A529E00669122 /* AutorisationViewController */,
				CEDE12642B3A47C100669122 /* CategoriesViewControllers */,
				DFD714922B37580200B55550 /* RequestsViewController */,
				DFD7148F2B37537800B55550 /* ListOfMyProductsController */,
				CEC780112B13D74A0032ABF9 /* FridgeViewController */,
				DFD714792B151A8300B55550 /* ProfileViewController */,
				DFD7146C2B0E8DFA00B55550 /* TabBarController */,
				DFD7146A2B0E8DAC00B55550 /* OneFloorViewController */,
				DFD714692B0E8D9200B55550 /* DormitoryViewController */,
			);
			path = Controllers;
			sourceTree = "<group>";
		};
		DFD714692B0E8D9200B55550 /* DormitoryViewController */ = {
			isa = PBXGroup;
			children = (
				DFD7145F2B00F59A00B55550 /* DormitoryViewController.swift */,
			);
			path = DormitoryViewController;
			sourceTree = "<group>";
		};
		DFD7146A2B0E8DAC00B55550 /* OneFloorViewController */ = {
			isa = PBXGroup;
			children = (
				DFD7146B2B0E8DE100B55550 /* Cells */,
				DFD714652B01612400B55550 /* OneFloorController.swift */,
			);
			path = OneFloorViewController;
			sourceTree = "<group>";
		};
		DFD7146B2B0E8DE100B55550 /* Cells */ = {
			isa = PBXGroup;
			children = (
				DFD714672B01773900B55550 /* ItemCell.swift */,
			);
			path = Cells;
			sourceTree = "<group>";
		};
		DFD7146C2B0E8DFA00B55550 /* TabBarController */ = {
			isa = PBXGroup;
			children = (
				DFD714612B01585400B55550 /* TabBarController.swift */,
			);
			path = TabBarController;
			sourceTree = "<group>";
		};
		DFD7146D2B0E9FC200B55550 /* Extensions */ = {
			isa = PBXGroup;
			children = (
				DFD7146E2B0EA02600B55550 /* Colors.swift */,
				DFD714702B14BC2B00B55550 /* ReusableIdentifier.swift */,
				DFD714722B14BE2E00B55550 /* OneFloorC+Extensions.swift */,
			);
			path = Extensions;
			sourceTree = "<group>";
		};
		DFD714742B15172000B55550 /* Model */ = {
			isa = PBXGroup;
			children = (
				DFD714752B15173C00B55550 /* ProductItem.swift */,
				DFD714772B15186200B55550 /* FrigeItem.swift */,
				DFD714B42B3BABBE00B55550 /* RequestItem.swift */,
				DFD714B62B3BD7D700B55550 /* AnswerItem.swift */,
				DFD714BD2B3C773100B55550 /* UserItem.swift */,
			);
			path = Model;
			sourceTree = "<group>";
		};
		DFD714792B151A8300B55550 /* ProfileViewController */ = {
			isa = PBXGroup;
			children = (
				DFD7147A2B151AC700B55550 /* ProfileViewController.swift */,
			);
			path = ProfileViewController;
			sourceTree = "<group>";
		};
		DFD7148F2B37537800B55550 /* ListOfMyProductsController */ = {
			isa = PBXGroup;
			children = (
				DFD714902B3753A300B55550 /* MyProductsController.swift */,
				DFD714952B375B8200B55550 /* OneProductCell.swift */,
			);
			path = ListOfMyProductsController;
			sourceTree = "<group>";
		};
		DFD714922B37580200B55550 /* RequestsViewController */ = {
			isa = PBXGroup;
			children = (
				DFD714932B37584200B55550 /* RequestsViewController.swift */,
				DFD714972B37846300B55550 /* RequestCell.swift */,
				DFD714992B37847200B55550 /* AnswerCell.swift */,
			);
			path = RequestsViewController;
			sourceTree = "<group>";
		};
/* End PBXGroup section */

/* Begin PBXNativeTarget section */
		DF58E6432AE7E55000FE5ED8 /* Fridge&Share */ = {
			isa = PBXNativeTarget;
			buildConfigurationList = DF58E66E2AE7E55300FE5ED8 /* Build configuration list for PBXNativeTarget "Fridge&Share" */;
			buildPhases = (
				DF58E6402AE7E55000FE5ED8 /* Sources */,
				DF58E6412AE7E55000FE5ED8 /* Frameworks */,
				DF58E6422AE7E55000FE5ED8 /* Resources */,
			);
			buildRules = (
			);
			dependencies = (
			);
			name = "Fridge&Share";
			packageProductDependencies = (
				DFD7149C2B3B858800B55550 /* FirebaseAnalytics */,
				DFD7149E2B3B858800B55550 /* FirebaseAnalyticsSwift */,
				DFD714A02B3B858800B55550 /* FirebaseAnalyticsWithoutAdIdSupport */,
				DFD714A22B3B858800B55550 /* FirebaseAuth */,
				DFD714A42B3B858800B55550 /* FirebaseDatabase */,
				DFD714A62B3B858800B55550 /* FirebaseDatabaseSwift */,
				DFD714A82B3B858800B55550 /* FirebaseFirestore */,
				DFD714AA2B3B858800B55550 /* FirebaseFirestoreSwift */,
				DFD714AC2B3B858800B55550 /* FirebaseStorage */,
			);
			productName = "Fridge&Share";
			productReference = DF58E6442AE7E55000FE5ED8 /* Fridge&Share.app */;
			productType = "com.apple.product-type.application";
		};
		DF58E6592AE7E55300FE5ED8 /* Fridge&ShareTests */ = {
			isa = PBXNativeTarget;
			buildConfigurationList = DF58E6712AE7E55300FE5ED8 /* Build configuration list for PBXNativeTarget "Fridge&ShareTests" */;
			buildPhases = (
				DF58E6562AE7E55300FE5ED8 /* Sources */,
				DF58E6572AE7E55300FE5ED8 /* Frameworks */,
				DF58E6582AE7E55300FE5ED8 /* Resources */,
			);
			buildRules = (
			);
			dependencies = (
				DF58E65C2AE7E55300FE5ED8 /* PBXTargetDependency */,
			);
			name = "Fridge&ShareTests";
			productName = "Fridge&ShareTests";
			productReference = DF58E65A2AE7E55300FE5ED8 /* Fridge&ShareTests.xctest */;
			productType = "com.apple.product-type.bundle.unit-test";
		};
		DF58E6632AE7E55300FE5ED8 /* Fridge&ShareUITests */ = {
			isa = PBXNativeTarget;
			buildConfigurationList = DF58E6742AE7E55300FE5ED8 /* Build configuration list for PBXNativeTarget "Fridge&ShareUITests" */;
			buildPhases = (
				DF58E6602AE7E55300FE5ED8 /* Sources */,
				DF58E6612AE7E55300FE5ED8 /* Frameworks */,
				DF58E6622AE7E55300FE5ED8 /* Resources */,
			);
			buildRules = (
			);
			dependencies = (
				DF58E6662AE7E55300FE5ED8 /* PBXTargetDependency */,
			);
			name = "Fridge&ShareUITests";
			productName = "Fridge&ShareUITests";
			productReference = DF58E6642AE7E55300FE5ED8 /* Fridge&ShareUITests.xctest */;
			productType = "com.apple.product-type.bundle.ui-testing";
		};
/* End PBXNativeTarget section */

/* Begin PBXProject section */
		DF58E63C2AE7E55000FE5ED8 /* Project object */ = {
			isa = PBXProject;
			attributes = {
				BuildIndependentTargetsInParallel = 1;
				LastSwiftUpdateCheck = 1430;
				LastUpgradeCheck = 1430;
				TargetAttributes = {
					DF58E6432AE7E55000FE5ED8 = {
						CreatedOnToolsVersion = 14.3.1;
					};
					DF58E6592AE7E55300FE5ED8 = {
						CreatedOnToolsVersion = 14.3.1;
						TestTargetID = DF58E6432AE7E55000FE5ED8;
					};
					DF58E6632AE7E55300FE5ED8 = {
						CreatedOnToolsVersion = 14.3.1;
						TestTargetID = DF58E6432AE7E55000FE5ED8;
					};
				};
			};
			buildConfigurationList = DF58E63F2AE7E55000FE5ED8 /* Build configuration list for PBXProject "Fridge&Share" */;
			compatibilityVersion = "Xcode 12.0";
			developmentRegion = en;
			hasScannedForEncodings = 0;
			knownRegions = (
				en,
				Base,
			);
			mainGroup = DF58E63B2AE7E55000FE5ED8;
			packageReferences = (
				DFD7149B2B3B858800B55550 /* XCRemoteSwiftPackageReference "firebase-ios-sdk" */,
			);
			productRefGroup = DF58E6452AE7E55000FE5ED8 /* Products */;
			projectDirPath = "";
			projectRoot = "";
			targets = (
				DF58E6432AE7E55000FE5ED8 /* Fridge&Share */,
				DF58E6592AE7E55300FE5ED8 /* Fridge&ShareTests */,
				DF58E6632AE7E55300FE5ED8 /* Fridge&ShareUITests */,
			);
		};
/* End PBXProject section */

/* Begin PBXResourcesBuildPhase section */
		DF58E6422AE7E55000FE5ED8 /* Resources */ = {
			isa = PBXResourcesBuildPhase;
			buildActionMask = 2147483647;
			files = (
				DF58E6542AE7E55300FE5ED8 /* LaunchScreen.storyboard in Resources */,
				DF4A337C2B3D933600A3EC3B /* GoogleService-Info.plist in Resources */,
				CEFAE49B2B2DE04E0007DF17 /* Assets.xcassets in Resources */,
				DF58E64F2AE7E55000FE5ED8 /* Main.storyboard in Resources */,
			);
			runOnlyForDeploymentPostprocessing = 0;
		};
		DF58E6582AE7E55300FE5ED8 /* Resources */ = {
			isa = PBXResourcesBuildPhase;
			buildActionMask = 2147483647;
			files = (
			);
			runOnlyForDeploymentPostprocessing = 0;
		};
		DF58E6622AE7E55300FE5ED8 /* Resources */ = {
			isa = PBXResourcesBuildPhase;
			buildActionMask = 2147483647;
			files = (
			);
			runOnlyForDeploymentPostprocessing = 0;
		};
/* End PBXResourcesBuildPhase section */

/* Begin PBXSourcesBuildPhase section */
		DF58E6402AE7E55000FE5ED8 /* Sources */ = {
			isa = PBXSourcesBuildPhase;
			buildActionMask = 2147483647;
			files = (
				DFD714B12B3B8B2A00B55550 /* DataBase.swift in Sources */,
				DFD714B32B3B989300B55550 /* AddProductViewController.swift in Sources */,
				CEDE12712B3A7D9C00669122 /* NewDormitory.swift in Sources */,
				CEDE12732B3A83C400669122 /* YourDormViewController.swift in Sources */,
				CEDE126F2B3A777100669122 /* RegistrationDormitory.swift in Sources */,
				DFD714BE2B3C773100B55550 /* UserItem.swift in Sources */,
				CEDE12692B3A52D900669122 /* LoginViewController.swift in Sources */,
				DFD714602B00F59A00B55550 /* DormitoryViewController.swift in Sources */,
				DFD714B52B3BABBE00B55550 /* RequestItem.swift in Sources */,
				CEDE126B2B3A644300669122 /* RegistrationViewController.swift in Sources */,
				DFD714982B37846300B55550 /* RequestCell.swift in Sources */,
				DFD714B72B3BD7D700B55550 /* AnswerItem.swift in Sources */,
				DFD714732B14BE2E00B55550 /* OneFloorC+Extensions.swift in Sources */,
				DFD7149A2B37847200B55550 /* AnswerCell.swift in Sources */,
				DFD714962B375B8200B55550 /* OneProductCell.swift in Sources */,
				DFD714712B14BC2B00B55550 /* ReusableIdentifier.swift in Sources */,
				DF4A33752B3CE4DD00A3EC3B /* ResultSearchViewController.swift in Sources */,
				CEDE126D2B3A72AE00669122 /* NameSurnameViewController.swift in Sources */,
				DFD7146F2B0EA02600B55550 /* Colors.swift in Sources */,
				DFD714662B01612400B55550 /* OneFloorController.swift in Sources */,
				DFD714912B3753A300B55550 /* MyProductsController.swift in Sources */,
				CE0E98E22B13EB7500626326 /* ProductViewContoller.swift in Sources */,
				DF58E64C2AE7E55000FE5ED8 /* ViewController.swift in Sources */,
				DF58E6482AE7E55000FE5ED8 /* AppDelegate.swift in Sources */,
				DFD714BB2B3C70FA00B55550 /* DatabaseAuthManager.swift in Sources */,
				DFD714682B01773900B55550 /* ItemCell.swift in Sources */,
				CE03A5262B25D59500ACFC01 /* CatrgoriesViewController.swift in Sources */,
				DFD714622B01585400B55550 /* TabBarController.swift in Sources */,
				DF58E64A2AE7E55000FE5ED8 /* SceneDelegate.swift in Sources */,
				CEE6F6712B152BBA0005FF39 /* ProductCellViewController.swift in Sources */,
				CEC780132B13D7700032ABF9 /* FridgeViewController.swift in Sources */,
				DFD714942B37584200B55550 /* RequestsViewController.swift in Sources */,
				DFD7147B2B151AC700B55550 /* ProfileViewController.swift in Sources */,
				DFD714782B15186200B55550 /* FrigeItem.swift in Sources */,
				DFD714762B15173C00B55550 /* ProductItem.swift in Sources */,
				DF4A33772B3CEC3F00A3EC3B /* ResultTableCell.swift in Sources */,
				DF4A337E2B3D958900A3EC3B /* OneCategoryViewController.swift in Sources */,
			);
			runOnlyForDeploymentPostprocessing = 0;
		};
		DF58E6562AE7E55300FE5ED8 /* Sources */ = {
			isa = PBXSourcesBuildPhase;
			buildActionMask = 2147483647;
			files = (
				DF58E65F2AE7E55300FE5ED8 /* Fridge_ShareTests.swift in Sources */,
			);
			runOnlyForDeploymentPostprocessing = 0;
		};
		DF58E6602AE7E55300FE5ED8 /* Sources */ = {
			isa = PBXSourcesBuildPhase;
			buildActionMask = 2147483647;
			files = (
				DF58E6692AE7E55300FE5ED8 /* Fridge_ShareUITests.swift in Sources */,
				DF58E66B2AE7E55300FE5ED8 /* Fridge_ShareUITestsLaunchTests.swift in Sources */,
			);
			runOnlyForDeploymentPostprocessing = 0;
		};
/* End PBXSourcesBuildPhase section */

/* Begin PBXTargetDependency section */
		DF58E65C2AE7E55300FE5ED8 /* PBXTargetDependency */ = {
			isa = PBXTargetDependency;
			target = DF58E6432AE7E55000FE5ED8 /* Fridge&Share */;
			targetProxy = DF58E65B2AE7E55300FE5ED8 /* PBXContainerItemProxy */;
		};
		DF58E6662AE7E55300FE5ED8 /* PBXTargetDependency */ = {
			isa = PBXTargetDependency;
			target = DF58E6432AE7E55000FE5ED8 /* Fridge&Share */;
			targetProxy = DF58E6652AE7E55300FE5ED8 /* PBXContainerItemProxy */;
		};
/* End PBXTargetDependency section */

/* Begin PBXVariantGroup section */
		DF58E64D2AE7E55000FE5ED8 /* Main.storyboard */ = {
			isa = PBXVariantGroup;
			children = (
				DF58E64E2AE7E55000FE5ED8 /* Base */,
			);
			name = Main.storyboard;
			sourceTree = "<group>";
		};
		DF58E6522AE7E55300FE5ED8 /* LaunchScreen.storyboard */ = {
			isa = PBXVariantGroup;
			children = (
				DF58E6532AE7E55300FE5ED8 /* Base */,
			);
			name = LaunchScreen.storyboard;
			sourceTree = "<group>";
		};
/* End PBXVariantGroup section */

/* Begin XCBuildConfiguration section */
		DF58E66C2AE7E55300FE5ED8 /* Debug */ = {
			isa = XCBuildConfiguration;
			buildSettings = {
				ALWAYS_SEARCH_USER_PATHS = NO;
				CLANG_ANALYZER_NONNULL = YES;
				CLANG_ANALYZER_NUMBER_OBJECT_CONVERSION = YES_AGGRESSIVE;
				CLANG_CXX_LANGUAGE_STANDARD = "gnu++20";
				CLANG_ENABLE_MODULES = YES;
				CLANG_ENABLE_OBJC_ARC = YES;
				CLANG_ENABLE_OBJC_WEAK = YES;
				CLANG_WARN_BLOCK_CAPTURE_AUTORELEASING = YES;
				CLANG_WARN_BOOL_CONVERSION = YES;
				CLANG_WARN_COMMA = YES;
				CLANG_WARN_CONSTANT_CONVERSION = YES;
				CLANG_WARN_DEPRECATED_OBJC_IMPLEMENTATIONS = YES;
				CLANG_WARN_DIRECT_OBJC_ISA_USAGE = YES_ERROR;
				CLANG_WARN_DOCUMENTATION_COMMENTS = YES;
				CLANG_WARN_EMPTY_BODY = YES;
				CLANG_WARN_ENUM_CONVERSION = YES;
				CLANG_WARN_INFINITE_RECURSION = YES;
				CLANG_WARN_INT_CONVERSION = YES;
				CLANG_WARN_NON_LITERAL_NULL_CONVERSION = YES;
				CLANG_WARN_OBJC_IMPLICIT_RETAIN_SELF = YES;
				CLANG_WARN_OBJC_LITERAL_CONVERSION = YES;
				CLANG_WARN_OBJC_ROOT_CLASS = YES_ERROR;
				CLANG_WARN_QUOTED_INCLUDE_IN_FRAMEWORK_HEADER = YES;
				CLANG_WARN_RANGE_LOOP_ANALYSIS = YES;
				CLANG_WARN_STRICT_PROTOTYPES = YES;
				CLANG_WARN_SUSPICIOUS_MOVE = YES;
				CLANG_WARN_UNGUARDED_AVAILABILITY = YES_AGGRESSIVE;
				CLANG_WARN_UNREACHABLE_CODE = YES;
				CLANG_WARN__DUPLICATE_METHOD_MATCH = YES;
				COPY_PHASE_STRIP = NO;
				DEBUG_INFORMATION_FORMAT = dwarf;
				ENABLE_STRICT_OBJC_MSGSEND = YES;
				ENABLE_TESTABILITY = YES;
				GCC_C_LANGUAGE_STANDARD = gnu11;
				GCC_DYNAMIC_NO_PIC = NO;
				GCC_NO_COMMON_BLOCKS = YES;
				GCC_OPTIMIZATION_LEVEL = 0;
				GCC_PREPROCESSOR_DEFINITIONS = (
					"DEBUG=1",
					"$(inherited)",
				);
				GCC_WARN_64_TO_32_BIT_CONVERSION = YES;
				GCC_WARN_ABOUT_RETURN_TYPE = YES_ERROR;
				GCC_WARN_UNDECLARED_SELECTOR = YES;
				GCC_WARN_UNINITIALIZED_AUTOS = YES_AGGRESSIVE;
				GCC_WARN_UNUSED_FUNCTION = YES;
				GCC_WARN_UNUSED_VARIABLE = YES;
				IPHONEOS_DEPLOYMENT_TARGET = 16.4;
				MTL_ENABLE_DEBUG_INFO = INCLUDE_SOURCE;
				MTL_FAST_MATH = YES;
				ONLY_ACTIVE_ARCH = YES;
				SDKROOT = iphoneos;
				SWIFT_ACTIVE_COMPILATION_CONDITIONS = DEBUG;
				SWIFT_OPTIMIZATION_LEVEL = "-Onone";
			};
			name = Debug;
		};
		DF58E66D2AE7E55300FE5ED8 /* Release */ = {
			isa = XCBuildConfiguration;
			buildSettings = {
				ALWAYS_SEARCH_USER_PATHS = NO;
				CLANG_ANALYZER_NONNULL = YES;
				CLANG_ANALYZER_NUMBER_OBJECT_CONVERSION = YES_AGGRESSIVE;
				CLANG_CXX_LANGUAGE_STANDARD = "gnu++20";
				CLANG_ENABLE_MODULES = YES;
				CLANG_ENABLE_OBJC_ARC = YES;
				CLANG_ENABLE_OBJC_WEAK = YES;
				CLANG_WARN_BLOCK_CAPTURE_AUTORELEASING = YES;
				CLANG_WARN_BOOL_CONVERSION = YES;
				CLANG_WARN_COMMA = YES;
				CLANG_WARN_CONSTANT_CONVERSION = YES;
				CLANG_WARN_DEPRECATED_OBJC_IMPLEMENTATIONS = YES;
				CLANG_WARN_DIRECT_OBJC_ISA_USAGE = YES_ERROR;
				CLANG_WARN_DOCUMENTATION_COMMENTS = YES;
				CLANG_WARN_EMPTY_BODY = YES;
				CLANG_WARN_ENUM_CONVERSION = YES;
				CLANG_WARN_INFINITE_RECURSION = YES;
				CLANG_WARN_INT_CONVERSION = YES;
				CLANG_WARN_NON_LITERAL_NULL_CONVERSION = YES;
				CLANG_WARN_OBJC_IMPLICIT_RETAIN_SELF = YES;
				CLANG_WARN_OBJC_LITERAL_CONVERSION = YES;
				CLANG_WARN_OBJC_ROOT_CLASS = YES_ERROR;
				CLANG_WARN_QUOTED_INCLUDE_IN_FRAMEWORK_HEADER = YES;
				CLANG_WARN_RANGE_LOOP_ANALYSIS = YES;
				CLANG_WARN_STRICT_PROTOTYPES = YES;
				CLANG_WARN_SUSPICIOUS_MOVE = YES;
				CLANG_WARN_UNGUARDED_AVAILABILITY = YES_AGGRESSIVE;
				CLANG_WARN_UNREACHABLE_CODE = YES;
				CLANG_WARN__DUPLICATE_METHOD_MATCH = YES;
				COPY_PHASE_STRIP = NO;
				DEBUG_INFORMATION_FORMAT = "dwarf-with-dsym";
				ENABLE_NS_ASSERTIONS = NO;
				ENABLE_STRICT_OBJC_MSGSEND = YES;
				GCC_C_LANGUAGE_STANDARD = gnu11;
				GCC_NO_COMMON_BLOCKS = YES;
				GCC_WARN_64_TO_32_BIT_CONVERSION = YES;
				GCC_WARN_ABOUT_RETURN_TYPE = YES_ERROR;
				GCC_WARN_UNDECLARED_SELECTOR = YES;
				GCC_WARN_UNINITIALIZED_AUTOS = YES_AGGRESSIVE;
				GCC_WARN_UNUSED_FUNCTION = YES;
				GCC_WARN_UNUSED_VARIABLE = YES;
				IPHONEOS_DEPLOYMENT_TARGET = 16.4;
				MTL_ENABLE_DEBUG_INFO = NO;
				MTL_FAST_MATH = YES;
				SDKROOT = iphoneos;
				SWIFT_COMPILATION_MODE = wholemodule;
				SWIFT_OPTIMIZATION_LEVEL = "-O";
				VALIDATE_PRODUCT = YES;
			};
			name = Release;
		};
		DF58E66F2AE7E55300FE5ED8 /* Debug */ = {
			isa = XCBuildConfiguration;
			buildSettings = {
				ASSETCATALOG_COMPILER_APPICON_NAME = AppIcon;
				ASSETCATALOG_COMPILER_GLOBAL_ACCENT_COLOR_NAME = AccentColor;
				CODE_SIGN_STYLE = Automatic;
				CURRENT_PROJECT_VERSION = 1;
				DEVELOPMENT_TEAM = GAMAR9B42Z;
				GENERATE_INFOPLIST_FILE = YES;
				INFOPLIST_FILE = "Fridge&Share/Info.plist";
				INFOPLIST_KEY_UIApplicationSupportsIndirectInputEvents = YES;
				INFOPLIST_KEY_UILaunchStoryboardName = LaunchScreen;
				INFOPLIST_KEY_UIMainStoryboardFile = Main;
				INFOPLIST_KEY_UISupportedInterfaceOrientations_iPad = "UIInterfaceOrientationPortrait UIInterfaceOrientationPortraitUpsideDown UIInterfaceOrientationLandscapeLeft UIInterfaceOrientationLandscapeRight";
				INFOPLIST_KEY_UISupportedInterfaceOrientations_iPhone = "UIInterfaceOrientationPortrait UIInterfaceOrientationLandscapeLeft UIInterfaceOrientationLandscapeRight";
				IPHONEOS_DEPLOYMENT_TARGET = 14.5;
				LD_RUNPATH_SEARCH_PATHS = (
					"$(inherited)",
					"@executable_path/Frameworks",
				);
				MARKETING_VERSION = 1.0;
				PRODUCT_BUNDLE_IDENTIFIER = "-.Fridge-Share";
				PRODUCT_NAME = "$(TARGET_NAME)";
				SWIFT_EMIT_LOC_STRINGS = YES;
				SWIFT_VERSION = 5.0;
				TARGETED_DEVICE_FAMILY = "1,2";
			};
			name = Debug;
		};
		DF58E6702AE7E55300FE5ED8 /* Release */ = {
			isa = XCBuildConfiguration;
			buildSettings = {
				ASSETCATALOG_COMPILER_APPICON_NAME = AppIcon;
				ASSETCATALOG_COMPILER_GLOBAL_ACCENT_COLOR_NAME = AccentColor;
				CODE_SIGN_STYLE = Automatic;
				CURRENT_PROJECT_VERSION = 1;
				DEVELOPMENT_TEAM = GAMAR9B42Z;
				GENERATE_INFOPLIST_FILE = YES;
				INFOPLIST_FILE = "Fridge&Share/Info.plist";
				INFOPLIST_KEY_UIApplicationSupportsIndirectInputEvents = YES;
				INFOPLIST_KEY_UILaunchStoryboardName = LaunchScreen;
				INFOPLIST_KEY_UIMainStoryboardFile = Main;
				INFOPLIST_KEY_UISupportedInterfaceOrientations_iPad = "UIInterfaceOrientationPortrait UIInterfaceOrientationPortraitUpsideDown UIInterfaceOrientationLandscapeLeft UIInterfaceOrientationLandscapeRight";
				INFOPLIST_KEY_UISupportedInterfaceOrientations_iPhone = "UIInterfaceOrientationPortrait UIInterfaceOrientationLandscapeLeft UIInterfaceOrientationLandscapeRight";
				IPHONEOS_DEPLOYMENT_TARGET = 14.5;
				LD_RUNPATH_SEARCH_PATHS = (
					"$(inherited)",
					"@executable_path/Frameworks",
				);
				MARKETING_VERSION = 1.0;
				PRODUCT_BUNDLE_IDENTIFIER = "-.Fridge-Share";
				PRODUCT_NAME = "$(TARGET_NAME)";
				SWIFT_EMIT_LOC_STRINGS = YES;
				SWIFT_VERSION = 5.0;
				TARGETED_DEVICE_FAMILY = "1,2";
			};
			name = Release;
		};
		DF58E6722AE7E55300FE5ED8 /* Debug */ = {
			isa = XCBuildConfiguration;
			buildSettings = {
				ALWAYS_EMBED_SWIFT_STANDARD_LIBRARIES = YES;
				BUNDLE_LOADER = "$(TEST_HOST)";
				CODE_SIGN_STYLE = Automatic;
				CURRENT_PROJECT_VERSION = 1;
				GENERATE_INFOPLIST_FILE = YES;
				IPHONEOS_DEPLOYMENT_TARGET = 16.4;
				MARKETING_VERSION = 1.0;
				PRODUCT_BUNDLE_IDENTIFIER = "-.Fridge-ShareTests";
				PRODUCT_NAME = "$(TARGET_NAME)";
				SWIFT_EMIT_LOC_STRINGS = NO;
				SWIFT_VERSION = 5.0;
				TARGETED_DEVICE_FAMILY = "1,2";
				TEST_HOST = "$(BUILT_PRODUCTS_DIR)/Fridge&Share.app/$(BUNDLE_EXECUTABLE_FOLDER_PATH)/Fridge&Share";
			};
			name = Debug;
		};
		DF58E6732AE7E55300FE5ED8 /* Release */ = {
			isa = XCBuildConfiguration;
			buildSettings = {
				ALWAYS_EMBED_SWIFT_STANDARD_LIBRARIES = YES;
				BUNDLE_LOADER = "$(TEST_HOST)";
				CODE_SIGN_STYLE = Automatic;
				CURRENT_PROJECT_VERSION = 1;
				GENERATE_INFOPLIST_FILE = YES;
				IPHONEOS_DEPLOYMENT_TARGET = 16.4;
				MARKETING_VERSION = 1.0;
				PRODUCT_BUNDLE_IDENTIFIER = "-.Fridge-ShareTests";
				PRODUCT_NAME = "$(TARGET_NAME)";
				SWIFT_EMIT_LOC_STRINGS = NO;
				SWIFT_VERSION = 5.0;
				TARGETED_DEVICE_FAMILY = "1,2";
				TEST_HOST = "$(BUILT_PRODUCTS_DIR)/Fridge&Share.app/$(BUNDLE_EXECUTABLE_FOLDER_PATH)/Fridge&Share";
			};
			name = Release;
		};
		DF58E6752AE7E55300FE5ED8 /* Debug */ = {
			isa = XCBuildConfiguration;
			buildSettings = {
				ALWAYS_EMBED_SWIFT_STANDARD_LIBRARIES = YES;
				CODE_SIGN_STYLE = Automatic;
				CURRENT_PROJECT_VERSION = 1;
				GENERATE_INFOPLIST_FILE = YES;
				MARKETING_VERSION = 1.0;
				PRODUCT_BUNDLE_IDENTIFIER = "-.Fridge-ShareUITests";
				PRODUCT_NAME = "$(TARGET_NAME)";
				SWIFT_EMIT_LOC_STRINGS = NO;
				SWIFT_VERSION = 5.0;
				TARGETED_DEVICE_FAMILY = "1,2";
				TEST_TARGET_NAME = "Fridge&Share";
			};
			name = Debug;
		};
		DF58E6762AE7E55300FE5ED8 /* Release */ = {
			isa = XCBuildConfiguration;
			buildSettings = {
				ALWAYS_EMBED_SWIFT_STANDARD_LIBRARIES = YES;
				CODE_SIGN_STYLE = Automatic;
				CURRENT_PROJECT_VERSION = 1;
				GENERATE_INFOPLIST_FILE = YES;
				MARKETING_VERSION = 1.0;
				PRODUCT_BUNDLE_IDENTIFIER = "-.Fridge-ShareUITests";
				PRODUCT_NAME = "$(TARGET_NAME)";
				SWIFT_EMIT_LOC_STRINGS = NO;
				SWIFT_VERSION = 5.0;
				TARGETED_DEVICE_FAMILY = "1,2";
				TEST_TARGET_NAME = "Fridge&Share";
			};
			name = Release;
		};
/* End XCBuildConfiguration section */

/* Begin XCConfigurationList section */
		DF58E63F2AE7E55000FE5ED8 /* Build configuration list for PBXProject "Fridge&Share" */ = {
			isa = XCConfigurationList;
			buildConfigurations = (
				DF58E66C2AE7E55300FE5ED8 /* Debug */,
				DF58E66D2AE7E55300FE5ED8 /* Release */,
			);
			defaultConfigurationIsVisible = 0;
			defaultConfigurationName = Release;
		};
		DF58E66E2AE7E55300FE5ED8 /* Build configuration list for PBXNativeTarget "Fridge&Share" */ = {
			isa = XCConfigurationList;
			buildConfigurations = (
				DF58E66F2AE7E55300FE5ED8 /* Debug */,
				DF58E6702AE7E55300FE5ED8 /* Release */,
			);
			defaultConfigurationIsVisible = 0;
			defaultConfigurationName = Release;
		};
		DF58E6712AE7E55300FE5ED8 /* Build configuration list for PBXNativeTarget "Fridge&ShareTests" */ = {
			isa = XCConfigurationList;
			buildConfigurations = (
				DF58E6722AE7E55300FE5ED8 /* Debug */,
				DF58E6732AE7E55300FE5ED8 /* Release */,
			);
			defaultConfigurationIsVisible = 0;
			defaultConfigurationName = Release;
		};
		DF58E6742AE7E55300FE5ED8 /* Build configuration list for PBXNativeTarget "Fridge&ShareUITests" */ = {
			isa = XCConfigurationList;
			buildConfigurations = (
				DF58E6752AE7E55300FE5ED8 /* Debug */,
				DF58E6762AE7E55300FE5ED8 /* Release */,
			);
			defaultConfigurationIsVisible = 0;
			defaultConfigurationName = Release;
		};
/* End XCConfigurationList section */

/* Begin XCRemoteSwiftPackageReference section */
		DFD7149B2B3B858800B55550 /* XCRemoteSwiftPackageReference "firebase-ios-sdk" */ = {
			isa = XCRemoteSwiftPackageReference;
			repositoryURL = "https://github.com/firebase/firebase-ios-sdk";
			requirement = {
				kind = upToNextMajorVersion;
				minimumVersion = 10.0.0;
			};
		};
/* End XCRemoteSwiftPackageReference section */

/* Begin XCSwiftPackageProductDependency section */
		DFD7149C2B3B858800B55550 /* FirebaseAnalytics */ = {
			isa = XCSwiftPackageProductDependency;
			package = DFD7149B2B3B858800B55550 /* XCRemoteSwiftPackageReference "firebase-ios-sdk" */;
			productName = FirebaseAnalytics;
		};
		DFD7149E2B3B858800B55550 /* FirebaseAnalyticsSwift */ = {
			isa = XCSwiftPackageProductDependency;
			package = DFD7149B2B3B858800B55550 /* XCRemoteSwiftPackageReference "firebase-ios-sdk" */;
			productName = FirebaseAnalyticsSwift;
		};
		DFD714A02B3B858800B55550 /* FirebaseAnalyticsWithoutAdIdSupport */ = {
			isa = XCSwiftPackageProductDependency;
			package = DFD7149B2B3B858800B55550 /* XCRemoteSwiftPackageReference "firebase-ios-sdk" */;
			productName = FirebaseAnalyticsWithoutAdIdSupport;
		};
		DFD714A22B3B858800B55550 /* FirebaseAuth */ = {
			isa = XCSwiftPackageProductDependency;
			package = DFD7149B2B3B858800B55550 /* XCRemoteSwiftPackageReference "firebase-ios-sdk" */;
			productName = FirebaseAuth;
		};
		DFD714A42B3B858800B55550 /* FirebaseDatabase */ = {
			isa = XCSwiftPackageProductDependency;
			package = DFD7149B2B3B858800B55550 /* XCRemoteSwiftPackageReference "firebase-ios-sdk" */;
			productName = FirebaseDatabase;
		};
		DFD714A62B3B858800B55550 /* FirebaseDatabaseSwift */ = {
			isa = XCSwiftPackageProductDependency;
			package = DFD7149B2B3B858800B55550 /* XCRemoteSwiftPackageReference "firebase-ios-sdk" */;
			productName = FirebaseDatabaseSwift;
		};
		DFD714A82B3B858800B55550 /* FirebaseFirestore */ = {
			isa = XCSwiftPackageProductDependency;
			package = DFD7149B2B3B858800B55550 /* XCRemoteSwiftPackageReference "firebase-ios-sdk" */;
			productName = FirebaseFirestore;
		};
		DFD714AA2B3B858800B55550 /* FirebaseFirestoreSwift */ = {
			isa = XCSwiftPackageProductDependency;
			package = DFD7149B2B3B858800B55550 /* XCRemoteSwiftPackageReference "firebase-ios-sdk" */;
			productName = FirebaseFirestoreSwift;
		};
		DFD714AC2B3B858800B55550 /* FirebaseStorage */ = {
			isa = XCSwiftPackageProductDependency;
			package = DFD7149B2B3B858800B55550 /* XCRemoteSwiftPackageReference "firebase-ios-sdk" */;
			productName = FirebaseStorage;
		};
/* End XCSwiftPackageProductDependency section */
	};
	rootObject = DF58E63C2AE7E55000FE5ED8 /* Project object */;
}
